github.com/BurntSushi/toml v0.3.1 h1:WXkYYl6Yr3qBf1K79EBnL4mak0OimBfB0XUf9Vl28OQ=
github.com/BurntSushi/toml v0.3.1/go.mod h1:xHWCNGjB5oqiDr8zfno3MHue2Ht5sIBksp03qcyfWMU=
github.com/PuerkitoBio/goquery v1.5.0 h1:uGvmFXOA73IKluu/F84Xd1tt/z07GYm8X49XKHP7EJk=
github.com/PuerkitoBio/goquery v1.5.0/go.mod h1:qD2PgZ9lccMbQlc7eEOjaeRlFQON7xY8kdmcsrnKqMg=
github.com/agnivade/wasmbrowsertest v0.3.0/go.mod h1:zQt6ZTdl338xxRaMW395qccVE2eQm0SjC/SDz0mPWQI=
github.com/agnivade/wasmbrowsertest v0.3.1/go.mod h1:zQt6ZTdl338xxRaMW395qccVE2eQm0SjC/SDz0mPWQI=
github.com/andersfylling/disgord v0.11.3 h1:HEbNEjvj2zsfavjTspOvbHGHSYyP0d2d8ZI2JyDwdvo=
github.com/andersfylling/disgord v0.11.3/go.mod h1:2NX6S/GJIyR5HZKYzJLPEyLLpZFb6GoGlkf0sW/ofBE=
github.com/andersfylling/disgord v0.12.0-rc6 h1:J2rBDSQ0tt1NstX5uL4YkoNaTosf3lHZNlNwdzIn8t8=
github.com/andersfylling/disgord v0.12.0-rc6/go.mod h1:39TYQbNLG2VVyfuDhR7AEdi1uiaqjYz6XjCupzneOcg=
github.com/andersfylling/disgord v0.15.0 h1:QjCXefMKlvOT/mwEPcYB+hkLNIA2b/b3f6J7Q0K4aLI=
github.com/andersfylling/disgord v0.15.0/go.mod h1:FQqFLV/O7vihkMi9u4kgp0EeTYwX2cODuwNOH4852SU=
github.com/andersfylling/disgord v0.16.3 h1:TL50H6MhUWqrvHFrudEzeooSyhmdt9RxJEYoI0drt8U=
github.com/andersfylling/disgord v0.16.3/go.mod h1:SjjWjZGIQauOgHxYdIGrixqLAV6JykVagv374iHoFBY=
github.com/andersfylling/snowflake v1.3.0 h1:dobYwnkDhe3EzvX3FMZlrRygQ1CVj1W+s3wlJuiuqwQ=
github.com/andersfylling/snowflake/v3 v3.0.2 h1:4G4da8UizMuqH0bGr5kEv+6CFFANldUi8GBdpw0PvLg=
github.com/andersfylling/snowflake/v3 v3.0.2/go.mod h1:wppPwIA+SDLR5F21VoW2ir06w8GtB2ZAOCuq7xjGOF0=
github.com/andersfylling/snowflake/v4 v4.0.1 h1:zBUa0CBSrYBy0QV9WM0LyPKvO4sQ9K50j+q+eVCB9pM=
github.com/andersfylling/snowflake/v4 v4.0.1/go.mod h1:m/0yauv7FVegGSd+TJ2fNnLG243FQVPqLwyQo0CwFP8=
github.com/andersfylling/snowflake/v4 v4.0.2 h1:7po1HHxq8Pz7F+vsMFMoGiHOlpzBzqXoop4O8b24wqI=
github.com/andersfylling/snowflake/v4 v4.0.2/go.mod h1:4lIbDTtWCTaYBCZVVIDjIH8xbzHSYz+RvxK2KZND840=
github.com/andybalholm/cascadia v1.0.0 h1:hOCXnnZ5A+3eVDX8pvgl4kofXv2ELss0bKcqRySc45o=
github.com/andybalholm/cascadia v1.0.0/go.mod h1:GsXiBklL0woXo1j/WYWtSYYC4ouU9PqHO0sqidkEA4Y=
github.com/andybalholm/cascadia v1.1.0 h1:BuuO6sSfQNFRu1LppgbD25Hr2vLYW25JvxHs5zzsLTo=
github.com/andybalholm/cascadia v1.1.0/go.mod h1:GsXiBklL0woXo1j/WYWtSYYC4ouU9PqHO0sqidkEA4Y=
github.com/antchfx/htmlquery v1.0.0 h1:O5IXz8fZF3B3MW+B33MZWbTHBlYmcfw0BAxgErHuaMA=
github.com/antchfx/htmlquery v1.0.0/go.mod h1:MS9yksVSQXls00iXkiMqXr0J+umL/AmxXKuP28SUJM8=
github.com/antchfx/htmlquery v1.1.0 h1:KMS88sLl5KP9GUVU2MQIDcQXNQ0M5MGlkC9WlYgAQqY=
github.com/antchfx/htmlquery v1.1.0/go.mod h1:MS9yksVSQXls00iXkiMqXr0J+umL/AmxXKuP28SUJM8=
github.com/antchfx/xmlquery v1.0.0 h1:YuEPqexGG2opZKNc9JU3Zw6zFXwC47wNcy6/F8oKsrM=
github.com/antchfx/xmlquery v1.0.0/go.mod h1:/+CnyD/DzHRnv2eRxrVbieRU/FIF6N0C+7oTtyUtCKk=
github.com/antchfx/xmlquery v1.1.0 h1:vj0kZ1y3Q6my4AV+a9xbWrMYzubw+84zuiKgvfV8vb8=
github.com/antchfx/xmlquery v1.1.0/go.mod h1:/+CnyD/DzHRnv2eRxrVbieRU/FIF6N0C+7oTtyUtCKk=
github.com/antchfx/xpath v1.0.0 h1:Q5gFgh2O40VTSwMOVbFE7nFNRBu3tS21Tn0KAWeEjtk=
github.com/antchfx/xpath v1.0.0/go.mod h1:Yee4kTMuNiPYJ7nSNorELQMr1J33uOpXDMByNYhvtNk=
github.com/antchfx/xpath v1.1.0 h1:mJTvYpiHvxNQRD4Lbfin/FodHVCHh2a5KrOFr4ZxMOI=
github.com/antchfx/xpath v1.1.0/go.mod h1:Yee4kTMuNiPYJ7nSNorELQMr1J33uOpXDMByNYhvtNk=
github.com/cavaliercoder/grab v2.0.0+incompatible h1:wZHbBQx56+Yxjx2TCGDcenhh3cJn7cCLMfkEPmySTSE=
github.com/cavaliercoder/grab v2.0.0+incompatible/go.mod h1:tTBkfNqSBfuMmMBFaO2phgyhdYhiZQ/+iXCZDzcDsMI=
github.com/chai2010/webp v1.1.0 h1:4Ei0/BRroMF9FaXDG2e4OxwFcuW2vcXd+A6tyqTJUQQ=
github.com/chai2010/webp v1.1.0/go.mod h1:LP12PG5IFmLGHUU26tBiCBKnghxx3toZFwDjOYvd3Ow=
github.com/chromedp/cdproto v0.0.0-20190614062957-d6d2f92b486d/go.mod h1:S8mB5wY3vV+vRIzf39xDXsw3XKYewW9X6rW2aEmkrSw=
github.com/chromedp/cdproto v0.0.0-20190621002710-8cbd498dd7a0/go.mod h1:S8mB5wY3vV+vRIzf39xDXsw3XKYewW9X6rW2aEmkrSw=
github.com/chromedp/cdproto v0.0.0-20190812224334-39ef923dcb8d/go.mod h1:0YChpVzuLJC5CPr+x3xkHN6Z8KOSXjNbL7qV8Wc4GW0=
github.com/chromedp/cdproto v0.0.0-20190926234355-1b4886c6fad6/go.mod h1:0YChpVzuLJC5CPr+x3xkHN6Z8KOSXjNbL7qV8Wc4GW0=
github.com/chromedp/chromedp v0.3.1-0.20190619195644-fd957a4d2901/go.mod h1:mJdvfrVn594N9tfiPecUidF6W5jPRKHymqHfzbobPsM=
github.com/chromedp/chromedp v0.4.0/go.mod h1:DC3QUn4mJ24dwjcaGQLoZrhm4X/uPHZ6spDbS2uFhm4=
github.com/davecgh/go-spew v1.1.0/go.mod h1:J7Y8YcW2NihsgmVo/mv3lAwl/skON4iLHjSsI+c5H38=
github.com/davecgh/go-spew v1.1.1 h1:vj9j/u1bqnvCEfJOwUhtlOARqs3+rkHYY13jYWTU97c=
github.com/davecgh/go-spew v1.1.1/go.mod h1:J7Y8YcW2NihsgmVo/mv3lAwl/skON4iLHjSsI+c5H38=
github.com/edsrzf/mmap-go v1.0.0/go.mod h1:YO35OhQPt3KJa3ryjFM5Bs14WD66h8eGKpfaBNrHW5M=
github.com/ethereum/go-ethereum v1.9.6 h1:EacwxMGKZezZi+m3in0Tlyk0veDQgnfZ9BjQqHAaQLM=
github.com/ethereum/go-ethereum v1.9.6/go.mod h1:PwpWDrCLZrV+tfrhqqF6kPknbISMHaJv9Ln3kPCZLwY=
github.com/fatih/color v1.6.0/go.mod h1:Zm6kSWBoL9eyXnKyktHP6abPY2pDugNf5KwzbycvMj4=
github.com/fatih/color v1.7.0/go.mod h1:Zm6kSWBoL9eyXnKyktHP6abPY2pDugNf5KwzbycvMj4=
github.com/fogleman/gg v1.3.0 h1:/7zJX8F6AaYQc57WQCyN9cAIz+4bCJGO9B+dyW29am8=
github.com/fogleman/gg v1.3.0/go.mod h1:R/bRT+9gY/C5z7JzPU0zXsXHKM4/ayA+zqcVNZzPa1k=
github.com/fsnotify/fsnotify v1.4.7/go.mod h1:jwhsz4b93w/PPRr/qN1Yymfu8t87LnFCMoQvtojpjFo=
github.com/go-interpreter/wagon v0.5.1-0.20190713202023-55a163980b6c/go.mod h1:5+b/MBYkclRZngKF5s6qrgWxSLgE9F5dFdO1hAueZLc=
github.com/go-interpreter/wagon v0.6.0/go.mod h1:5+b/MBYkclRZngKF5s6qrgWxSLgE9F5dFdO1hAueZLc=
github.com/go-sql-driver/mysql v1.4.1 h1:g24URVg0OFbNUTx9qqY1IRZ9D9z3iPyi5zKhQZpNwpA=
github.com/go-sql-driver/mysql v1.4.1/go.mod h1:zAC/RDZ24gD3HViQzih4MyKcchzm+sOG5ZlKdlhCg5w=
github.com/gobwas/glob v0.2.3 h1:A4xDbljILXROh+kObIiy5kIaPYD8e96x1tgBhUI5J+Y=
github.com/gobwas/glob v0.2.3/go.mod h1:d3Ez4x06l9bZtSvzIay5+Yzi0fmZzPgnTbPcKjJAkT8=
github.com/gobwas/httphead v0.0.0-20180130184737-2c6c146eadee/go.mod h1:L0fX3K22YWvt/FAX9NnzrNzcI4wNYi9Yku4O0LKYflo=
github.com/gobwas/pool v0.2.0/go.mod h1:q8bcK0KcYlCgd9e7WYLm9LpyS+YeLd8JVDW6WezmKEw=
github.com/gobwas/ws v1.0.2/go.mod h1:szmBTxLgaFppYjEmNtny/v3w89xOydFnnZMcgRRu/EM=
github.com/gocolly/colly v1.2.0 h1:qRz9YAn8FIH0qzgNUw+HT9UN7wm1oF9OBAilwEWpyrI=
github.com/gocolly/colly v1.2.0/go.mod h1:Hof5T3ZswNVsOHYmba1u03W65HDWgpV5HifSuueE0EA=
github.com/golang/freetype v0.0.0-20170609003504-e2365dfdc4a0 h1:DACJavvAHhabrF08vX0COfcOBJRhZ8lUbR+ZWIs0Y5g=
github.com/golang/freetype v0.0.0-20170609003504-e2365dfdc4a0/go.mod h1:E/TSTwGwJL78qG/PmXZO1EjYhfJinVAhrmmHX6Z8B9k=
github.com/golang/protobuf v1.2.0/go.mod h1:6lQm79b+lXiMfvg/cZm0SGofjICqVBUtrP5yJMmIC1U=
github.com/golang/protobuf v1.3.1/go.mod h1:6lQm79b+lXiMfvg/cZm0SGofjICqVBUtrP5yJMmIC1U=
github.com/golang/protobuf v1.3.2 h1:6nsPYzhq5kReh6QImI3k5qWzO4PEbvbIW2cwSfR/6xs=
github.com/golang/protobuf v1.3.2/go.mod h1:6lQm79b+lXiMfvg/cZm0SGofjICqVBUtrP5yJMmIC1U=
github.com/google/go-cmp v0.2.0/go.mod h1:oXzfMopK8JAjlY9xF4vHSVASa0yLyX7SntLO5aqRK0M=
github.com/google/go-cmp v0.3.1 h1:Xye71clBPdm5HgqGwUkwhbynsUJZhDbS20FvLhQ2izg=
github.com/google/go-cmp v0.3.1/go.mod h1:8QqcDgzrUqlUb/G2PQTWiueGozuR1884gddMywk6iLU=
github.com/google/gofuzz v1.0.0/go.mod h1:dBl0BpW6vV/+mYPU4Po3pmUjxk6FQPldtuIdl/M65Eg=
github.com/google/pprof v0.0.0-20190515194954-54271f7e092f/go.mod h1:zfwlbNMJ+OItoe0UupaVj+oy1omPYYDuagoSzA8v9mc=
github.com/google/pprof v0.0.0-20190908185732-236ed259b199/go.mod h1:zfwlbNMJ+OItoe0UupaVj+oy1omPYYDuagoSzA8v9mc=
github.com/google/renameio v0.1.0/go.mod h1:KWCgfxg9yswjAJkECMjeO8J8rahYeXnNhOm40UhjYkI=
github.com/gorilla/websocket v1.4.0/go.mod h1:E7qHFY5m1UJ88s3WnNqhKjPHQ0heANvMoAMk2YaljkQ=
github.com/gorilla/websocket v1.4.1 h1:q7AeDBpnBk8AogcD4DSag/Ukw/KV+YhzLj2bP5HvKCM=
github.com/gorilla/websocket v1.4.1/go.mod h1:YR8l580nyteQvAITg2hZ9XVh4b55+EU/adAjf1fMHhE=
github.com/hpcloud/tail v1.0.0/go.mod h1:ab1qPbhIpdTxEkNHXyeSf5vhxWSCs/tWer42PpOxQnU=
github.com/jonboulle/clockwork v0.1.0/go.mod h1:Ii8DK3G1RaLaWxj9trq07+26W01tbo22gdxWY5EU2bo=
github.com/json-iterator/go v1.1.5/go.mod h1:+SdeFBvtyEkXs7REEP0seUULqWtbJapLOCVDaaPEHmU=
github.com/json-iterator/go v1.1.7 h1:KfgG9LzI+pYjr4xvmz/5H4FXjokeP+rlHLhv3iH62Fo=
github.com/json-iterator/go v1.1.7/go.mod h1:KdQUCv79m/52Kvf8AW2vK1V8akMuk1QjK/uOdHXbAo4=
github.com/json-iterator/go v1.1.8 h1:QiWkFLKq0T7mpzwOTu6BzNDbfTE8OLrYhVKYMLF46Ok=
github.com/json-iterator/go v1.1.8/go.mod h1:KdQUCv79m/52Kvf8AW2vK1V8akMuk1QjK/uOdHXbAo4=
github.com/json-iterator/go v1.1.9 h1:9yzud/Ht36ygwatGx56VwCZtlI/2AD15T1X2sjSuGns=
github.com/json-iterator/go v1.1.9/go.mod h1:KdQUCv79m/52Kvf8AW2vK1V8akMuk1QjK/uOdHXbAo4=
github.com/kennygrant/sanitize v1.2.4 h1:gN25/otpP5vAsO2djbMhF/LQX6R7+O1TB4yv8NzpJ3o=
github.com/kennygrant/sanitize v1.2.4/go.mod h1:LGsjYYtgxbetdg5owWB2mpgUL6e2nfw2eObZ0u0qvak=
github.com/kisielk/gotool v1.0.0/go.mod h1:XhKaO+MFFWcvkIS/tQcRk01m1F5IRFswLeQ+oQHNcck=
github.com/knq/sysutil v0.0.0-20181215143952-f05b59f0f307/go.mod h1:BjPj+aVjl9FW/cCGiF3nGh5v+9Gd3VCgBQbod/GlMaQ=
github.com/konsorten/go-windows-terminal-sequences v1.0.1/go.mod h1:T0+1ngSBFLxvqU3pZ+m/2kptfBszLMUkC4ZK/EgS/cQ=
github.com/konsorten/go-windows-terminal-sequences v1.0.2/go.mod h1:T0+1ngSBFLxvqU3pZ+m/2kptfBszLMUkC4ZK/EgS/cQ=
github.com/kr/pretty v0.1.0 h1:L/CwN0zerZDmRFUapSPitk6f+Q3+0za1rQkzVuMiMFI=
github.com/kr/pretty v0.1.0/go.mod h1:dAy3ld7l9f0ibDNOQOHHMYYIIbhfbHSm3C4ZsoJORNo=
github.com/kr/pty v1.1.1/go.mod h1:pFQYn66WHrOpPYNljwOMqo10TkYh1fy3cYio2l3bCsQ=
github.com/kr/text v0.1.0 h1:45sCR5RtlFHMR4UwH9sdQ5TC8v0qDQCHnXt+kaKSTVE=
github.com/kr/text v0.1.0/go.mod h1:4Jbv+DJW3UT/LiOwJeYQe1efqtUx/iVham/4vfdArNI=
github.com/lib/pq v1.2.0 h1:LXpIM/LZ5xGFhOpXAQUIMM1HdyqzVYM13zNdjCEEcA0=
github.com/lib/pq v1.2.0/go.mod h1:5WUZQaWbwv1U+lTReE5YruASi9Al49XbQIvNi/34Woo=
github.com/mailru/easyjson v0.0.0-20190403194419-1ea4449da983/go.mod h1:C1wdFJiN94OJF2b5HbByQZoLdCWB1Yqtg26g4irojpc=
github.com/mailru/easyjson v0.0.0-20190614124828-94de47d64c63/go.mod h1:C1wdFJiN94OJF2b5HbByQZoLdCWB1Yqtg26g4irojpc=
github.com/mailru/easyjson v0.0.0-20190620125010-da37f6c1e481/go.mod h1:C1wdFJiN94OJF2b5HbByQZoLdCWB1Yqtg26g4irojpc=
github.com/mailru/easyjson v0.0.0-20190626092158-b2ccc519800e/go.mod h1:C1wdFJiN94OJF2b5HbByQZoLdCWB1Yqtg26g4irojpc=
github.com/mailru/easyjson v0.7.0/go.mod h1:KAzv3t3aY1NaHWoQz1+4F1ccyAH66Jk7yos7ldAVICs=
github.com/mattn/go-colorable v0.0.9/go.mod h1:9vuHe8Xs5qXnSaW/c/ABM9alt+Vo+STaOChaDxuIBZU=
github.com/mattn/go-colorable v0.1.2/go.mod h1:U0ppj6V5qS13XJ6of8GYAs25YV2eR4EVcfRqFIhoBtE=
github.com/mattn/go-isatty v0.0.3/go.mod h1:M+lRXTBqGeGNdLjl/ufCoiOlB5xdOkqRJdNxMWT7Zi4=
github.com/mattn/go-isatty v0.0.8/go.mod h1:Iq45c/XA43vh69/j3iqttzPXn0bhXyGjM0Hdxcsrc5s=
github.com/mattn/go-isatty v0.0.9/go.mod h1:YNRxwqDuOph6SZLI9vUUz6OYw3QyUt7WiY2yME+cCiQ=
github.com/mattn/go-sqlite3 v1.11.0 h1:LDdKkqtYlom37fkvqs8rMPFKAMe8+SgjbwZ6ex1/A/Q=
github.com/mattn/go-sqlite3 v1.11.0/go.mod h1:FPy6KqzDD04eiIsT53CuJW3U88zkxoIYsOqkbpncsNc=
github.com/microcosm-cc/bluemonday v1.0.2 h1:5lPfLTTAvAbtS0VqT+94yOtFnGfUWYyx0+iToC3Os3s=
github.com/microcosm-cc/bluemonday v1.0.2/go.mod h1:iVP4YcDBq+n/5fb23BhYFvIMq/leAFZyRl6bYmGDlGc=
github.com/modern-go/concurrent v0.0.0-20180228061459-e0a39a4cb421/go.mod h1:6dJC0mAP4ikYIbvyc7fijjWJddQyLn8Ig3JB5CqoB9Q=
github.com/modern-go/concurrent v0.0.0-20180306012644-bacd9c7ef1dd h1:TRLaZ9cD/w8PVh93nsPXa1VrQ6jlwL5oN8l14QlcNfg=
github.com/modern-go/concurrent v0.0.0-20180306012644-bacd9c7ef1dd/go.mod h1:6dJC0mAP4ikYIbvyc7fijjWJddQyLn8Ig3JB5CqoB9Q=
github.com/modern-go/reflect2 v0.0.0-20180701023420-4b7aa43c6742/go.mod h1:bx2lNnkwVCuqBIxFjflWJWanXIb3RllmbCylyMrvgv0=
github.com/modern-go/reflect2 v1.0.1 h1:9f412s+6RmYXLWZSEzVVgPGK7C2PphHj5RJrvfx9AWI=
github.com/modern-go/reflect2 v1.0.1/go.mod h1:bx2lNnkwVCuqBIxFjflWJWanXIb3RllmbCylyMrvgv0=
github.com/naoina/genmai v0.0.0-20170715140901-78583835e1e4 h1:undmilUTaVyUh3TjV+fUclqTeNUwB6nNLt6YAr7Uh90=
github.com/naoina/genmai v0.0.0-20170715140901-78583835e1e4/go.mod h1:1hlbuWmF7wWQyhKBREXGWvUUiSpAUcB2NIYko88SGGg=
github.com/naoina/go-stringutil v0.1.0 h1:rCUeRUHjBjGTSHl0VC00jUPLz8/F9dDzYI70Hzifhks=
github.com/naoina/go-stringutil v0.1.0/go.mod h1:XJ2SJL9jCtBh+P9q5btrd/Ylo8XwT/h1USek5+NqSA0=
github.com/nfnt/resize v0.0.0-20180221191011-83c6a9932646 h1:zYyBkD/k9seD2A7fsi6Oo2LfFZAehjjQMERAvZLEDnQ=
github.com/nfnt/resize v0.0.0-20180221191011-83c6a9932646/go.mod h1:jpp1/29i3P1S/RLdc7JQKbRpFeM1dOBd8T9ki5s+AY8=
github.com/onsi/ginkgo v1.6.0/go.mod h1:lLunBs/Ym6LB5Z9jYTR76FiuTmxDTDusOGeTQH+WWjE=
github.com/onsi/ginkgo v1.8.0/go.mod h1:lLunBs/Ym6LB5Z9jYTR76FiuTmxDTDusOGeTQH+WWjE=
github.com/onsi/gomega v1.4.3/go.mod h1:ex+gbHU/CVuBBDIJjb2X0qEXbFg53c61hWP/1CpauHY=
github.com/pazuzu156/atlas v0.3.1 h1:z20G2qBoA21w6Vwzyoh7M0h0lOdsKemm6LIbIe6R/xI=
github.com/pazuzu156/atlas v0.3.1/go.mod h1:zXEDAmwYYux3xIwoT24OkpqBotrmp3QTMcGV0mKlQG4=
github.com/pazuzu156/atlas v0.3.2-0.20191007125411-414fdd92e2dc h1:bFFDZMOd8Y3pXg5n0RXePt2BC196/JmKzq6z3go1unE=
github.com/pazuzu156/atlas v0.3.2-0.20191007125411-414fdd92e2dc/go.mod h1:d7m+2bZDksb30sNIDlj/cL+KVeUe33FLN+8HtYTjHnc=
github.com/pazuzu156/atlas v1.3.2 h1:jBgVOJspDwNfhZ/lANelimTJ9Gdhr0VI8HBcqrZXt7Y=
github.com/pazuzu156/atlas v1.3.2/go.mod h1:w0GZMtzHsPqjZgyF3up+euBfGh5LAoLuzd1/yi2a9IE=
github.com/pazuzu156/atlas v1.3.3-0.20200103193723-42791ff0250c h1:9wVCe/lL5ivHwS64+frC1SFduhnkFcK1weDguVmYmpE=
github.com/pazuzu156/atlas v1.3.3-0.20200103193723-42791ff0250c/go.mod h1:dGrTBxRQrbPy9O7l5KZAouaxucQgVpnUmTO+TxGlcr8=
github.com/pazuzu156/atlas v1.3.3-0.20200103195450-9148365889bd h1:jMaBnwDPVUgZ399/5wFMS7Mk/rBAF4qoBxtIIbMEg5U=
github.com/pazuzu156/atlas v1.3.3-0.20200103195450-9148365889bd/go.mod h1:dGrTBxRQrbPy9O7l5KZAouaxucQgVpnUmTO+TxGlcr8=
github.com/pazuzu156/lastfm-go v0.0.2 h1:d1BRHZzkcKNooc65PTelSyk3pxHtiD35n2AXLJFpBpE=
github.com/pazuzu156/lastfm-go v0.0.2/go.mod h1:TnaXGRQlzwrxMlj8nkHmmFx5YhQJzd/GLfSMEbDqqT0=
github.com/pkg/errors v0.8.0/go.mod h1:bwawxfHBFNV+L2hUp1rHADufV3IMtnDRdf1r5NINEl0=
github.com/pkg/errors v0.8.1 h1:iURUrRGxPUNPdy5/HRSm+Yj6okJ6UtLINN0Q9M4+h3I=
github.com/pkg/errors v0.8.1/go.mod h1:bwawxfHBFNV+L2hUp1rHADufV3IMtnDRdf1r5NINEl0=
github.com/pmezard/go-difflib v1.0.0 h1:4DBwDE0NGyQoBHbLQYPwSUPoCMWR5BEzIk/f1lZbAQM=
github.com/pmezard/go-difflib v1.0.0/go.mod h1:iKH77koFhYxTK1pcRnkKkqfTogsbg7gZNVY4sRDYZ/4=
github.com/rogpeppe/go-internal v1.3.0/go.mod h1:M8bDsm7K2OlrFYOpmOWEs/qY81heoFRclV5y23lUDJ4=
github.com/saintfish/chardet v0.0.0-20120816061221-3af4cd4741ca h1:NugYot0LIVPxTvN8n+Kvkn6TrbMyxQiuvKdEwFdR9vI=
github.com/saintfish/chardet v0.0.0-20120816061221-3af4cd4741ca/go.mod h1:uugorj2VCxiV1x+LzaIdVa9b4S4qGAcH6cbhh4qVxOU=
github.com/sergi/go-diff v1.0.0/go.mod h1:0CfEIISq7TuYL3j771MWULgwwjU+GofnZX9QAmXWZgo=
github.com/sirupsen/logrus v1.0.5/go.mod h1:pMByvHTf9Beacp5x1UXfOR9xyW/9antXMhjMPG0dEzc=
github.com/sirupsen/logrus v1.4.2/go.mod h1:tLMulIdttU9McNUspp0xgXVQah82FyeX6MwdIuYE2rE=
github.com/spf13/pflag v1.0.1/go.mod h1:DYY7MBk1bdzusC3SYhjObp+wFpr4gzcvqqNjLnInEg4=
github.com/spf13/pflag v1.0.5/go.mod h1:McXfInJRrz4CZXVZOBLb0bTZqETkiAhM9Iw0y3An2Bg=
github.com/stretchr/objx v0.1.0/go.mod h1:HFkY916IF+rwdDfMAkV7OtwuqBVzrE8GR6GFx+wExME=
github.com/stretchr/objx v0.1.1/go.mod h1:HFkY916IF+rwdDfMAkV7OtwuqBVzrE8GR6GFx+wExME=
github.com/stretchr/testify v1.2.2/go.mod h1:a8OnRcib4nhh0OaRAV+Yts87kKdq0PP7pXfy6kDkUVs=
github.com/stretchr/testify v1.3.0 h1:TivCn/peBQ7UY8ooIcPgZFpTNSz0Q2U6UrFlUfqbe0Q=
github.com/stretchr/testify v1.3.0/go.mod h1:M5WIy9Dh21IEIfnGCwXGc5bZfKNJtfHm1UVUgZn+9EI=
github.com/stretchr/testify v1.4.0 h1:2E4SXV/wtOkTonXsotYi4li6zVWxYlZuYNCXe9XRJyk=
github.com/stretchr/testify v1.4.0/go.mod h1:j7eGeouHqKxXV5pUuKE4zz7dFj8WfuZ+81PSLYec5m4=
github.com/temoto/robotstxt v1.1.1 h1:Gh8RCs8ouX3hRSxxK7B1mO5RFByQ4CmJZDwgom++JaA=
github.com/temoto/robotstxt v1.1.1/go.mod h1:+1AmkuG3IYkh1kv0d2qEB9Le88ehNO0zwOr3ujewlOo=
github.com/twitchyliquid64/golang-asm v0.0.0-20190126203739-365674df15fc/go.mod h1:NoCfSFWosfqMqmmD7hApkirIK9ozpHjxRnRxs1l413A=
go.coder.com/go-tools v0.0.0-20190317003359-0c6a35b74a16/go.mod h1:iKV5yK9t+J5nG9O3uF6KYdPEz3dyfMyB15MN1rbQ8Qw=
go.uber.org/atomic v1.3.2/go.mod h1:gD2HeocX3+yG+ygLZcrzQJaqmWj9AIm7n08wl/qW/PE=
go.uber.org/atomic v1.4.0 h1:cxzIVoETapQEqDhQu3QfnvXAV4AlzcvUCxkVUFw3+EU=
go.uber.org/atomic v1.4.0/go.mod h1:gD2HeocX3+yG+ygLZcrzQJaqmWj9AIm7n08wl/qW/PE=
go.uber.org/atomic v1.5.0 h1:OI5t8sDa1Or+q8AeE+yKeB/SDYioSHAgcVljj9JIETY=
go.uber.org/atomic v1.5.0/go.mod h1:sABNBOSYdrvTF6hTgEIbc7YasKWGhgEQZyfxyTvoXHQ=
go.uber.org/atomic v1.5.1 h1:rsqfU5vBkVknbhUGbAUwQKR2H4ItV8tjJ+6kJX4cxHM=
go.uber.org/atomic v1.5.1/go.mod h1:sABNBOSYdrvTF6hTgEIbc7YasKWGhgEQZyfxyTvoXHQ=
go.uber.org/multierr v1.1.0 h1:HoEmRHQPVSqub6w2z2d2EOVs2fjyFRGyofhKuyDq0QI=
go.uber.org/multierr v1.1.0/go.mod h1:wR5kodmAFQ0UK8QlbwjlSNy0Z68gJhDJUG5sjR94q/0=
go.uber.org/multierr v1.2.0 h1:6I+W7f5VwC5SV9dNrZ3qXrDB9mD0dyGOi/ZJmYw03T4=
go.uber.org/multierr v1.2.0/go.mod h1:wR5kodmAFQ0UK8QlbwjlSNy0Z68gJhDJUG5sjR94q/0=
go.uber.org/multierr v1.3.0/go.mod h1:VgVr7evmIr6uPjLBxg28wmKNXyqE9akIJ5XnfpiKl+4=
go.uber.org/multierr v1.4.0 h1:f3WCSC2KzAcBXGATIxAB1E2XuCpNU255wNKZ505qi3E=
go.uber.org/multierr v1.4.0/go.mod h1:VgVr7evmIr6uPjLBxg28wmKNXyqE9akIJ5XnfpiKl+4=
go.uber.org/tools v0.0.0-20190618225709-2cfd321de3ee h1:0mgffUl7nfd+FpvXMVz4IDEaUSmT1ysygQC7qYo7sG4=
go.uber.org/tools v0.0.0-20190618225709-2cfd321de3ee/go.mod h1:vJERXedbb3MVM5f9Ejo0C68/HhF8uaILCdgjnY+goOA=
go.uber.org/zap v1.9.1/go.mod h1:vwi/ZaCAaUcBkycHslxD9B2zi4UTXhF60s6SWpuDF0Q=
go.uber.org/zap v1.10.0 h1:ORx85nbTijNz8ljznvCMR1ZBIPKFn3jQrag10X2AsuM=
go.uber.org/zap v1.10.0/go.mod h1:vwi/ZaCAaUcBkycHslxD9B2zi4UTXhF60s6SWpuDF0Q=
go.uber.org/zap v1.12.0 h1:dySoUQPFBGj6xwjmBzageVL8jGi8uxc6bEmJQjA06bw=
go.uber.org/zap v1.12.0/go.mod h1:zwrFLgMcdUuIBviXEYEH1YKNaOBnKXsx2IPda5bBwHM=
go.uber.org/zap v1.13.0 h1:nR6NoDBgAf67s68NhaXbsojM+2gxp3S1hWkHDl27pVU=
go.uber.org/zap v1.13.0/go.mod h1:zwrFLgMcdUuIBviXEYEH1YKNaOBnKXsx2IPda5bBwHM=
golang.org/x/crypto v0.0.0-20180426230345-b49d69b5da94/go.mod h1:6SG95UA2DQfeDnfUPMdvaQW0Q7yPrPDi9nlGo2tz2b4=
golang.org/x/crypto v0.0.0-20190219172222-a4c6cb3142f2/go.mod h1:6SG95UA2DQfeDnfUPMdvaQW0Q7yPrPDi9nlGo2tz2b4=
golang.org/x/crypto v0.0.0-20190308221718-c2843e01d9a2/go.mod h1:djNgcEr1/C05ACkg1iLfiJU5Ep61QUkGW8qpdssI0+w=
golang.org/x/crypto v0.0.0-20190510104115-cbcb75029529/go.mod h1:yigFU9vqHzYiE8UmvKecakEJjdnWj3jj499lnFckfCI=
golang.org/x/crypto v0.0.0-20190605123033-f99c8df09eb5/go.mod h1:yigFU9vqHzYiE8UmvKecakEJjdnWj3jj499lnFckfCI=
golang.org/x/crypto v0.0.0-20190911031432-227b76d455e7 h1:0hQKqeLdqlt5iIwVOBErRisrHJAN57yOiPRQItI20fU=
golang.org/x/crypto v0.0.0-20190911031432-227b76d455e7/go.mod h1:yigFU9vqHzYiE8UmvKecakEJjdnWj3jj499lnFckfCI=
golang.org/x/crypto v0.0.0-20190927123631-a832865fa7ad/go.mod h1:yigFU9vqHzYiE8UmvKecakEJjdnWj3jj499lnFckfCI=
golang.org/x/crypto v0.0.0-20191002192127-34f69633bfdc h1:c0o/qxkaO2LF5t6fQrT4b5hzyggAkLLlCUjqfRxd8Q4=
golang.org/x/crypto v0.0.0-20191002192127-34f69633bfdc/go.mod h1:yigFU9vqHzYiE8UmvKecakEJjdnWj3jj499lnFckfCI=
golang.org/x/crypto v0.0.0-20191011191535-87dc89f01550 h1:ObdrDkeb4kJdCP557AjRjq69pTHfNouLtWZG7j9rPN8=
golang.org/x/crypto v0.0.0-20191011191535-87dc89f01550/go.mod h1:yigFU9vqHzYiE8UmvKecakEJjdnWj3jj499lnFckfCI=
golang.org/x/crypto v0.0.0-20191029031824-8986dd9e96cf/go.mod h1:LzIPMQfyMNhhGPhUkYOs5KpL4U8rLKemX1yGLhDgUto=
golang.org/x/crypto v0.0.0-20191106202628-ed6320f186d4 h1:PDpCLFAH/YIX0QpHPf2eO7L4rC2OOirBrKtXTLLiNTY=
golang.org/x/crypto v0.0.0-20191106202628-ed6320f186d4/go.mod h1:LzIPMQfyMNhhGPhUkYOs5KpL4U8rLKemX1yGLhDgUto=
golang.org/x/crypto v0.0.0-20191227163750-53104e6ec876 h1:sKJQZMuxjOAR/Uo2LBfU90onWEf1dF4C+0hPJCc9Mpc=
golang.org/x/crypto v0.0.0-20191227163750-53104e6ec876/go.mod h1:LzIPMQfyMNhhGPhUkYOs5KpL4U8rLKemX1yGLhDgUto=
golang.org/x/image v0.0.0-20191009234506-e7c1f5e7dbb8 h1:hVwzHzIUGRjiF7EcUjqNxk3NCfkPxbDKRdnNE1Rpg0U=
golang.org/x/image v0.0.0-20191009234506-e7c1f5e7dbb8/go.mod h1:FeLwcggjj3mMvU+oOTbSwawSJRM1uh48EjtB4UJZlP0=
golang.org/x/lint v0.0.0-20190909230951-414d861bb4ac/go.mod h1:6SW0HCj/g11FgYtHlgUYUwCkIfeOF89ocIRzGO/8vkc=
golang.org/x/lint v0.0.0-20190930215403-16217165b5de h1:5hukYrvBGR8/eNkX5mdUezrA6JiaEZDtJb9Ei+1LlBs=
golang.org/x/lint v0.0.0-20190930215403-16217165b5de/go.mod h1:6SW0HCj/g11FgYtHlgUYUwCkIfeOF89ocIRzGO/8vkc=
golang.org/x/lint v0.0.0-20191125180803-fdd1cda4f05f h1:J5lckAjkw6qYlOZNj90mLYNTEKDvWeuc1yieZ8qUzUE=
golang.org/x/lint v0.0.0-20191125180803-fdd1cda4f05f/go.mod h1:5qLYkcX4OjUUV8bRuDixDT3tpyyb+LUpUlRWLxfhWrs=
golang.org/x/mod v0.0.0-20190513183733-4bf6d317e70e/go.mod h1:mXi4GBBbnImb6dmsKGUJ2LatrhH/nqhxcFungHvyanc=
golang.org/x/mod v0.1.1-0.20191105210325-c90efee705ee/go.mod h1:QqPTAvyqsEbceGzBzNggFXnrqF1CaUcvgkdR5Ot7KZg=
golang.org/x/net v0.0.0-20180218175443-cbe0f9307d01/go.mod h1:mL1N/T3taQHkDXs73rZJwtUhF3w3ftmwwsq0BUmARs4=
golang.org/x/net v0.0.0-20180906233101-161cd47e91fd/go.mod h1:mL1N/T3taQHkDXs73rZJwtUhF3w3ftmwwsq0BUmARs4=
golang.org/x/net v0.0.0-20181102091132-c10e9556a7bc/go.mod h1:mL1N/T3taQHkDXs73rZJwtUhF3w3ftmwwsq0BUmARs4=
golang.org/x/net v0.0.0-20181114220301-adae6a3d119a/go.mod h1:mL1N/T3taQHkDXs73rZJwtUhF3w3ftmwwsq0BUmARs4=
golang.org/x/net v0.0.0-20181220203305-927f97764cc3/go.mod h1:mL1N/T3taQHkDXs73rZJwtUhF3w3ftmwwsq0BUmARs4=
golang.org/x/net v0.0.0-20190213061140-3a22650c66bd/go.mod h1:mL1N/T3taQHkDXs73rZJwtUhF3w3ftmwwsq0BUmARs4=
golang.org/x/net v0.0.0-20190311183353-d8887717615a/go.mod h1:t9HGtf8HONx5eT2rtn7q6eTqICYqUVnKs3thJo3Qplg=
golang.org/x/net v0.0.0-20190404232315-eb5bcb51f2a3/go.mod h1:t9HGtf8HONx5eT2rtn7q6eTqICYqUVnKs3thJo3Qplg=
golang.org/x/net v0.0.0-20190603091049-60506f45cf65/go.mod h1:HSz+uSET+XFnRR8LxR5pz3Of3rY3CfYBVs4xY44aLks=
golang.org/x/net v0.0.0-20190620200207-3b0461eec859/go.mod h1:z5CRVTTTmAJ677TzLLGU+0bjPO0LkuOLi4/5GtJWs/s=
golang.org/x/net v0.0.0-20190918130420-a8b05e9114ab h1:h5tBRKZ1aY/bo6GNqe/4zWC8GkaLOFQ5wPKIOQ0i2sA=
golang.org/x/net v0.0.0-20190918130420-a8b05e9114ab/go.mod h1:z5CRVTTTmAJ677TzLLGU+0bjPO0LkuOLi4/5GtJWs/s=
golang.org/x/net v0.0.0-20190926025831-c00fd9afed17/go.mod h1:z5CRVTTTmAJ677TzLLGU+0bjPO0LkuOLi4/5GtJWs/s=
golang.org/x/net v0.0.0-20191003171128-d98b1b443823 h1:Ypyv6BNJh07T1pUSrehkLemqPKXhus2MkfktJ91kRh4=
golang.org/x/net v0.0.0-20191003171128-d98b1b443823/go.mod h1:z5CRVTTTmAJ677TzLLGU+0bjPO0LkuOLi4/5GtJWs/s=
golang.org/x/net v0.0.0-20191014212845-da9a3fd4c582 h1:p9xBe/w/OzkeYVKm234g55gMdD1nSIooTir5kV11kfA=
golang.org/x/net v0.0.0-20191014212845-da9a3fd4c582/go.mod h1:z5CRVTTTmAJ677TzLLGU+0bjPO0LkuOLi4/5GtJWs/s=
golang.org/x/net v0.0.0-20191101175033-0deb6923b6d9/go.mod h1:z5CRVTTTmAJ677TzLLGU+0bjPO0LkuOLi4/5GtJWs/s=
golang.org/x/net v0.0.0-20191105084925-a882066a44e0 h1:QPlSTtPE2k6PZPasQUbzuK3p9JbS+vMXYVto8g/yrsg=
golang.org/x/net v0.0.0-20191105084925-a882066a44e0/go.mod h1:z5CRVTTTmAJ677TzLLGU+0bjPO0LkuOLi4/5GtJWs/s=
golang.org/x/net v0.0.0-20191209160850-c0dbc17a3553 h1:efeOvDhwQ29Dj3SdAV/MJf8oukgn+8D8WgaCaRMchF8=
golang.org/x/net v0.0.0-20191209160850-c0dbc17a3553/go.mod h1:z5CRVTTTmAJ677TzLLGU+0bjPO0LkuOLi4/5GtJWs/s=
golang.org/x/sync v0.0.0-20180314180146-1d60e4601c6f/go.mod h1:RxMgew5VJxzue5/jJTE5uejpjVlOe/izrB70Jof72aM=
golang.org/x/sync v0.0.0-20190423024810-112230192c58/go.mod h1:RxMgew5VJxzue5/jJTE5uejpjVlOe/izrB70Jof72aM=
golang.org/x/sync v0.0.0-20190911185100-cd5d95a43a6e/go.mod h1:RxMgew5VJxzue5/jJTE5uejpjVlOe/izrB70Jof72aM=
golang.org/x/sys v0.0.0-20180909124046-d0be0721c37e/go.mod h1:STP8DvDyc/dI5b8T5hshtkjS+E42TnysNCUPdjciGhY=
golang.org/x/sys v0.0.0-20190215142949-d0b11bdaac8a/go.mod h1:STP8DvDyc/dI5b8T5hshtkjS+E42TnysNCUPdjciGhY=
golang.org/x/sys v0.0.0-20190222072716-a9d3bda3a223/go.mod h1:STP8DvDyc/dI5b8T5hshtkjS+E42TnysNCUPdjciGhY=
golang.org/x/sys v0.0.0-20190306220234-b354f8bf4d9e/go.mod h1:STP8DvDyc/dI5b8T5hshtkjS+E42TnysNCUPdjciGhY=
golang.org/x/sys v0.0.0-20190412213103-97732733099d/go.mod h1:h1NjWce9XRLGQEsW7wpKNCjG9DtNlClVuFLEZdDNbEs=
golang.org/x/sys v0.0.0-20190422165155-953cdadca894/go.mod h1:h1NjWce9XRLGQEsW7wpKNCjG9DtNlClVuFLEZdDNbEs=
golang.org/x/sys v0.0.0-20190606165138-5da285871e9c/go.mod h1:h1NjWce9XRLGQEsW7wpKNCjG9DtNlClVuFLEZdDNbEs=
golang.org/x/sys v0.0.0-20190618155005-516e3c20635f/go.mod h1:h1NjWce9XRLGQEsW7wpKNCjG9DtNlClVuFLEZdDNbEs=
golang.org/x/sys v0.0.0-20190712062909-fae7ac547cb7/go.mod h1:h1NjWce9XRLGQEsW7wpKNCjG9DtNlClVuFLEZdDNbEs=
golang.org/x/sys v0.0.0-20190813064441-fde4db37ae7a/go.mod h1:h1NjWce9XRLGQEsW7wpKNCjG9DtNlClVuFLEZdDNbEs=
golang.org/x/sys v0.0.0-20190916202348-b4ddaad3f8a3 h1:7TYNF4UdlohbFwpNH04CoPMp1cHUZgO1Ebq5r2hIjfo=
golang.org/x/sys v0.0.0-20190916202348-b4ddaad3f8a3/go.mod h1:h1NjWce9XRLGQEsW7wpKNCjG9DtNlClVuFLEZdDNbEs=
golang.org/x/sys v0.0.0-20190919044723-0c1ff786ef13/go.mod h1:h1NjWce9XRLGQEsW7wpKNCjG9DtNlClVuFLEZdDNbEs=
golang.org/x/sys v0.0.0-20190927073244-c990c680b611/go.mod h1:h1NjWce9XRLGQEsW7wpKNCjG9DtNlClVuFLEZdDNbEs=
golang.org/x/sys v0.0.0-20191007092633-5f54ce542709 h1:wGFnQAzp3osDbpU/aeSzlZ7/hHjXuMgcAX3p8UKPEcA=
golang.org/x/sys v0.0.0-20191007092633-5f54ce542709/go.mod h1:h1NjWce9XRLGQEsW7wpKNCjG9DtNlClVuFLEZdDNbEs=
golang.org/x/sys v0.0.0-20191018095205-727590c5006e h1:ZtoklVMHQy6BFRHkbG6JzK+S6rX82//Yeok1vMlizfQ=
golang.org/x/sys v0.0.0-20191018095205-727590c5006e/go.mod h1:h1NjWce9XRLGQEsW7wpKNCjG9DtNlClVuFLEZdDNbEs=
golang.org/x/sys v0.0.0-20191104094858-e8c54fb511f6/go.mod h1:h1NjWce9XRLGQEsW7wpKNCjG9DtNlClVuFLEZdDNbEs=
golang.org/x/sys v0.0.0-20191105231009-c1f44814a5cd h1:3x5uuvBgE6oaXJjCOvpCC1IpgJogqQ+PqGGU3ZxAgII=
golang.org/x/sys v0.0.0-20191105231009-c1f44814a5cd/go.mod h1:h1NjWce9XRLGQEsW7wpKNCjG9DtNlClVuFLEZdDNbEs=
golang.org/x/sys v0.0.0-20200103143344-a1369afcdac7 h1:/W9OPMnnpmFXHYkcp2rQsbFUbRlRzfECQjmAFiOyHE8=
golang.org/x/sys v0.0.0-20200103143344-a1369afcdac7/go.mod h1:h1NjWce9XRLGQEsW7wpKNCjG9DtNlClVuFLEZdDNbEs=
golang.org/x/text v0.3.0 h1:g61tztE5qeGQ89tm6NTjjM9VPIm088od1l6aSorWRWg=
golang.org/x/text v0.3.0/go.mod h1:NqM8EUOU14njkJ3fqMW+pc6Ldnwhi/IjpwHt7yyuwOQ=
golang.org/x/text v0.3.2 h1:tW2bmiBqwgJj/UpqtC8EpXEZVYOwU0yG4iWbprSVAcs=
golang.org/x/text v0.3.2/go.mod h1:bEr9sfX3Q8Zfm5fL9x+3itogRgK3+ptLWKqgva+5dAk=
golang.org/x/time v0.0.0-20190308202827-9d24e82272b4 h1:SvFZT6jyqRaOeXpc5h/JSfZenJ2O330aBsf7JfSUXmQ=
golang.org/x/time v0.0.0-20190308202827-9d24e82272b4/go.mod h1:tRJNPiyCQ0inRvYxbN9jk5I+vvW/OXSQhTDSoE431IQ=
golang.org/x/tools v0.0.0-20180917221912-90fa682c2a6e/go.mod h1:n7NCudcB/nEzxVGmLbDWY5pfWTLqBcC2KZ6jyYvM4mQ=
golang.org/x/tools v0.0.0-20190311212946-11955173bddd/go.mod h1:LCzVGOaR6xXOjkQ3onu1FJEFr0SW1gC7cKk1uF8kGRs=
golang.org/x/tools v0.0.0-20190606124116-d0a3d012864b/go.mod h1:/rFqwRUd4F7ZHNgwSSTFct+R/Kf4OFW1sUzUTQQTgfc=
golang.org/x/tools v0.0.0-20190621195816-6e04913cbbac/go.mod h1:/rFqwRUd4F7ZHNgwSSTFct+R/Kf4OFW1sUzUTQQTgfc=
golang.org/x/tools v0.0.0-20190920225731-5eefd052ad72/go.mod h1:b+2E5dAYhXwXZwtnZ6UAqBI28+e2cm9otk0dWdXHAEo=
golang.org/x/tools v0.0.0-20191029041327-9cc4af7d6b2c/go.mod h1:b+2E5dAYhXwXZwtnZ6UAqBI28+e2cm9otk0dWdXHAEo=
golang.org/x/tools v0.0.0-20191029190741-b9c20aec41a5/go.mod h1:b+2E5dAYhXwXZwtnZ6UAqBI28+e2cm9otk0dWdXHAEo=
golang.org/x/tools v0.0.0-20191104232314-dc038396d1f0 h1:azkp5oIgy7LNGQ64URezZccjePaEGSYIHEgYTn/bfXI=
golang.org/x/tools v0.0.0-20191104232314-dc038396d1f0/go.mod h1:b+2E5dAYhXwXZwtnZ6UAqBI28+e2cm9otk0dWdXHAEo=
golang.org/x/tools v0.0.0-20191107010934-f79515f33823 h1:akkRBeitX2EZP59KdtKw310CI4WGPCNPyrLbE7WZA8Y=
golang.org/x/tools v0.0.0-20191107010934-f79515f33823/go.mod h1:b+2E5dAYhXwXZwtnZ6UAqBI28+e2cm9otk0dWdXHAEo=
golang.org/x/tools v0.0.0-20191125144606-a911d9008d1f/go.mod h1:b+2E5dAYhXwXZwtnZ6UAqBI28+e2cm9otk0dWdXHAEo=
golang.org/x/tools v0.0.0-20200102200121-6de373a2766c h1:PBxLbymhzlh6kZuAXmeh8JK2tAJR0GM5Q/W71G2QJ40=
golang.org/x/tools v0.0.0-20200102200121-6de373a2766c/go.mod h1:TB2adYChydJhpapKDTa4BR/hXlZSLoq2Wpct/0txZ28=
golang.org/x/xerrors v0.0.0-20190717185122-a985d3407aa7/go.mod h1:I/5z698sn9Ka8TeJc9MKroUUfqBBauWjQqLJ2OPfmY0=
golang.org/x/xerrors v0.0.0-20191011141410-1b5146add898/go.mod h1:I/5z698sn9Ka8TeJc9MKroUUfqBBauWjQqLJ2OPfmY0=
google.golang.org/appengine v1.6.4 h1:WiKh4+/eMB2HaY7QhCfW/R7MuRAoA8QMCSJA6jP5/fo=
google.golang.org/appengine v1.6.4/go.mod h1:i06prIuMbXzDqacNJfV5OdTW448YApPu5ww/cMBSeb0=
google.golang.org/appengine v1.6.5 h1:tycE03LOZYQNhDpS27tcQdAzLCVMaj7QT2SXxebnpCM=
google.golang.org/appengine v1.6.5/go.mod h1:8WjMMxjGQR8xUklV/ARdw2HLXBOI7O7uCIDZVag1xfc=
gopkg.in/airbrake/gobrake.v2 v2.0.9/go.mod h1:/h5ZAUhDkGaJfjzjKLSjv6zCL6O0LLBxU4K+aSYdM/U=
gopkg.in/check.v1 v0.0.0-20161208181325-20d25e280405/go.mod h1:Co6ibVJAznAaIkqp8huTwlJQCZ016jof/cbN4VW5Yz0=
gopkg.in/check.v1 v1.0.0-20180628173108-788fd7840127 h1:qIbj1fsPNlZgppZ+VLlY7N33q108Sa+fhmuc+sWQYwY=
gopkg.in/check.v1 v1.0.0-20180628173108-788fd7840127/go.mod h1:Co6ibVJAznAaIkqp8huTwlJQCZ016jof/cbN4VW5Yz0=
gopkg.in/errgo.v2 v2.1.0/go.mod h1:hNsd1EY+bozCKY1Ytp96fpM3vjJbqLJn88ws8XvfDNI=
gopkg.in/fsnotify.v1 v1.4.7/go.mod h1:Tz8NjZHkW78fSQdbUxIjBTcgA1z1m8ZHf0WmKUhAMys=
gopkg.in/gemnasium/logrus-airbrake-hook.v2 v2.1.2/go.mod h1:Xk6kEKp8OKb+X14hQBKWaSkCsqBpgog8nAV2xsGOxlo=
gopkg.in/tomb.v1 v1.0.0-20141024135613-dd632973f1e7/go.mod h1:dt/ZhP58zS4L8KSrWDmTeBkI65Dw0HsyUHuEVlX15mw=
gopkg.in/yaml.v2 v2.2.1/go.mod h1:hI93XBmqTisBFMUTm0b8Fm+jr3Dg1NNxqwp+5A1VGuI=
gopkg.in/yaml.v2 v2.2.2 h1:ZCJp+EgiOT7lHqUV2J862kp8Qj64Jo6az82+3Td9dZw=
gopkg.in/yaml.v2 v2.2.2/go.mod h1:hI93XBmqTisBFMUTm0b8Fm+jr3Dg1NNxqwp+5A1VGuI=
gotest.tools v2.1.0+incompatible/go.mod h1:DsYFclhRJ6vuDpmuTbkuFWG+y2sxOXAzmJt81HFBacw=
gotest.tools/gotestsum v0.3.5/go.mod h1:Mnf3e5FUzXbkCfynWBGOwLssY7gTQgCHObK9tMpAriY=
honnef.co/go/tools v0.0.1-2019.2.3 h1:3JgtbtFHMiCmsznwGVTUWbgGov+pVqnlf1dEJTNAXeM=
honnef.co/go/tools v0.0.1-2019.2.3/go.mod h1:a3bituU0lyd329TUQxRnasdCoJDkEUEAqEt0JzvZhAg=
mvdan.cc/sh v2.6.4+incompatible/go.mod h1:IeeQbZq+x2SUGBensq/jge5lLQbS3XT2ktyp3wrt4x8=
nhooyr.io/websocket v1.6.4/go.mod h1:xhtWZS7nD5ns/9ziyL7ERGHz7MBEOLLrg3g+YLVyYI8=
nhooyr.io/websocket v1.6.5 h1:8TzpkldRfefda5JST+CnOH135bzVPz5uzfn/AF+gVKg=
nhooyr.io/websocket v1.6.5/go.mod h1:F259lAzPRAH0htX2y3ehpJe09ih1aSHN7udWki1defY=
nhooyr.io/websocket v1.7.1 h1:W8X03PI0a2fiKb3Srck2gpmWr8UwJqDGndXw8bb93yM=
nhooyr.io/websocket v1.7.1/go.mod h1:FyTYp9aYEPchTiPpXj2mOOnHJ49S35YStWZCjotwizg=
nhooyr.io/websocket v1.7.3 h1:bzkdR9U7WXWb7S6sIju07SJmRh2S7mFEa7zG7UgfUr0=
nhooyr.io/websocket v1.7.3/go.mod h1:FyTYp9aYEPchTiPpXj2mOOnHJ49S35YStWZCjotwizg=
nhooyr.io/websocket v1.7.4 h1:w/LGB2sZT0RV8lZYR7nfyaYz4PUbYZ5oF7NBon2M0NY=
nhooyr.io/websocket v1.7.4/go.mod h1:PxYxCwFdFYQ0yRvtQz3s/dC+VEm7CSuC/4b9t8MQQxw=
